
Microsoft Visual Studio Solution File, Format Version 12.00
# Visual Studio Version 16
VisualStudioVersion = 16.0.30128.74
MinimumVisualStudioVersion = 10.0.40219.1
Project("{FAE04EC0-301F-11D3-BF4B-00C04F79EFBC}") = "apiWeb", "..\apiWeb\apiWeb.csproj", "{14B6F902-4F33-41B3-B005-FAF00055965F}"
EndProject
Global
	GlobalSection(SolutionConfigurationPlatforms) = preSolution
		Debug|Any CPU = Debug|Any CPU
		Release|Any CPU = Release|Any CPU
	EndGlobalSection
	GlobalSection(ProjectConfigurationPlatforms) = postSolution
		{14B6F902-4F33-41B3-B005-FAF00055965F}.Debug|Any CPU.ActiveCfg = Debug|Any CPU
		{14B6F902-4F33-41B3-B005-FAF00055965F}.Debug|Any CPU.Build.0 = Debug|Any CPU
		{14B6F902-4F33-41B3-B005-FAF00055965F}.Release|Any CPU.ActiveCfg = Release|Any CPU
		{14B6F902-4F33-41B3-B005-FAF00055965F}.Release|Any CPU.Build.0 = Release|Any CPU
	EndGlobalSection
	GlobalSection(SolutionProperties) = preSolution
		HideSolutionNode = FALSE
	EndGlobalSection
	GlobalSection(ExtensibilityGlobals) = postSolution
		SolutionGuid = {586339EF-70C7-4C94-A48A-A85762B93BF4}
	EndGlobalSection
EndGlobal
